
Microsoft Visual Studio Solution File, Format Version 12.00
# Visual Studio Version 16
VisualStudioVersion = 16.0.31729.503
MinimumVisualStudioVersion = 10.0.40219.1
Project("{8BC9CEB8-8B4A-11D0-8D11-00A0C91BC942}") = "test0218", "test0218\test0218.vcxproj", "{4DA88FEA-99EC-4C74-9F74-C7963B690ED8}"
EndProject
Global
	GlobalSection(SolutionConfigurationPlatforms) = preSolution
		Debug|x64 = Debug|x64
		Debug|x86 = Debug|x86
		Release|x64 = Release|x64
		Release|x86 = Release|x86
	EndGlobalSection
	GlobalSection(ProjectConfigurationPlatforms) = postSolution
		{4DA88FEA-99EC-4C74-9F74-C7963B690ED8}.Debug|x64.ActiveCfg = Debug|x64
		{4DA88FEA-99EC-4C74-9F74-C7963B690ED8}.Debug|x64.Build.0 = Debug|x64
		{4DA88FEA-99EC-4C74-9F74-C7963B690ED8}.Debug|x86.ActiveCfg = Debug|Win32
		{4DA88FEA-99EC-4C74-9F74-C7963B690ED8}.Debug|x86.Build.0 = Debug|Win32
		{4DA88FEA-99EC-4C74-9F74-C7963B690ED8}.Release|x64.ActiveCfg = Release|x64
		{4DA88FEA-99EC-4C74-9F74-C7963B690ED8}.Release|x64.Build.0 = Release|x64
		{4DA88FEA-99EC-4C74-9F74-C7963B690ED8}.Release|x86.ActiveCfg = Release|Win32
		{4DA88FEA-99EC-4C74-9F74-C7963B690ED8}.Release|x86.Build.0 = Release|Win32
	EndGlobalSection
	GlobalSection(SolutionProperties) = preSolution
		HideSolutionNode = FALSE
	EndGlobalSection
	GlobalSection(ExtensibilityGlobals) = postSolution
		SolutionGuid = {CBDFDD35-3C3C-41E3-8AA7-CA4FC6959916}
	EndGlobalSection
EndGlobal
